
Microsoft Visual Studio Solution File, Format Version 12.00
# Visual Studio Version 17
VisualStudioVersion = 17.0.31903.59
MinimumVisualStudioVersion = 10.0.40219.1
Project("{9A19103F-16F7-4668-BE54-9A1E7A4F7556}") = "SportsStore", "SportsStore\SportsStore.csproj", "{A908DA41-BB6E-4177-B53D-B310F17FD430}"
EndProject
Project("{9A19103F-16F7-4668-BE54-9A1E7A4F7556}") = "SportsStore.Tests", "SportsStore.Tests\SportsStore.Tests.csproj", "{A1591CAE-379D-4518-AB03-0A0E24FFFFA5}"
EndProject
Global
	GlobalSection(SolutionConfigurationPlatforms) = preSolution
		Debug|Any CPU = Debug|Any CPU
		Release|Any CPU = Release|Any CPU
	EndGlobalSection
	GlobalSection(ProjectConfigurationPlatforms) = postSolution
		{A908DA41-BB6E-4177-B53D-B310F17FD430}.Debug|Any CPU.ActiveCfg = Debug|Any CPU
		{A908DA41-BB6E-4177-B53D-B310F17FD430}.Debug|Any CPU.Build.0 = Debug|Any CPU
		{A908DA41-BB6E-4177-B53D-B310F17FD430}.Release|Any CPU.ActiveCfg = Release|Any CPU
		{A908DA41-BB6E-4177-B53D-B310F17FD430}.Release|Any CPU.Build.0 = Release|Any CPU
		{A1591CAE-379D-4518-AB03-0A0E24FFFFA5}.Debug|Any CPU.ActiveCfg = Debug|Any CPU
		{A1591CAE-379D-4518-AB03-0A0E24FFFFA5}.Debug|Any CPU.Build.0 = Debug|Any CPU
		{A1591CAE-379D-4518-AB03-0A0E24FFFFA5}.Release|Any CPU.ActiveCfg = Release|Any CPU
		{A1591CAE-379D-4518-AB03-0A0E24FFFFA5}.Release|Any CPU.Build.0 = Release|Any CPU
	EndGlobalSection
	GlobalSection(SolutionProperties) = preSolution
		HideSolutionNode = FALSE
	EndGlobalSection
	GlobalSection(ExtensibilityGlobals) = postSolution
		SolutionGuid = {0D2405AC-ED78-4D89-B873-81C366FEDE8B}
	EndGlobalSection
EndGlobal
